
Microsoft Visual Studio Solution File, Format Version 12.00
# Visual Studio 15
VisualStudioVersion = 15.0.26124.0
MinimumVisualStudioVersion = 15.0.26124.0
Project("{FAE04EC0-301F-11D3-BF4B-00C04F79EFBC}") = "day02.Common", "day02.Common\day02.Common.csproj", "{653F9FB7-6F17-4C6B-86D7-DBE9ED1D5013}"
EndProject
Project("{FAE04EC0-301F-11D3-BF4B-00C04F79EFBC}") = "day02.Tests", "day02.Tests\day02.Tests.csproj", "{5AAA595E-29C7-4FC3-95DC-A6E316BBBB37}"
EndProject
Project("{FAE04EC0-301F-11D3-BF4B-00C04F79EFBC}") = "day02.Program", "day02.Program\day02.Program.csproj", "{00E907CB-0462-4B1E-9DEC-8B6A3401D7E2}"
EndProject
Global
	GlobalSection(SolutionConfigurationPlatforms) = preSolution
		Debug|Any CPU = Debug|Any CPU
		Debug|x64 = Debug|x64
		Debug|x86 = Debug|x86
		Release|Any CPU = Release|Any CPU
		Release|x64 = Release|x64
		Release|x86 = Release|x86
	EndGlobalSection
	GlobalSection(SolutionProperties) = preSolution
		HideSolutionNode = FALSE
	EndGlobalSection
	GlobalSection(ProjectConfigurationPlatforms) = postSolution
		{653F9FB7-6F17-4C6B-86D7-DBE9ED1D5013}.Debug|Any CPU.ActiveCfg = Debug|Any CPU
		{653F9FB7-6F17-4C6B-86D7-DBE9ED1D5013}.Debug|Any CPU.Build.0 = Debug|Any CPU
		{653F9FB7-6F17-4C6B-86D7-DBE9ED1D5013}.Debug|x64.ActiveCfg = Debug|Any CPU
		{653F9FB7-6F17-4C6B-86D7-DBE9ED1D5013}.Debug|x64.Build.0 = Debug|Any CPU
		{653F9FB7-6F17-4C6B-86D7-DBE9ED1D5013}.Debug|x86.ActiveCfg = Debug|Any CPU
		{653F9FB7-6F17-4C6B-86D7-DBE9ED1D5013}.Debug|x86.Build.0 = Debug|Any CPU
		{653F9FB7-6F17-4C6B-86D7-DBE9ED1D5013}.Release|Any CPU.ActiveCfg = Release|Any CPU
		{653F9FB7-6F17-4C6B-86D7-DBE9ED1D5013}.Release|Any CPU.Build.0 = Release|Any CPU
		{653F9FB7-6F17-4C6B-86D7-DBE9ED1D5013}.Release|x64.ActiveCfg = Release|Any CPU
		{653F9FB7-6F17-4C6B-86D7-DBE9ED1D5013}.Release|x64.Build.0 = Release|Any CPU
		{653F9FB7-6F17-4C6B-86D7-DBE9ED1D5013}.Release|x86.ActiveCfg = Release|Any CPU
		{653F9FB7-6F17-4C6B-86D7-DBE9ED1D5013}.Release|x86.Build.0 = Release|Any CPU
		{5AAA595E-29C7-4FC3-95DC-A6E316BBBB37}.Debug|Any CPU.ActiveCfg = Debug|Any CPU
		{5AAA595E-29C7-4FC3-95DC-A6E316BBBB37}.Debug|Any CPU.Build.0 = Debug|Any CPU
		{5AAA595E-29C7-4FC3-95DC-A6E316BBBB37}.Debug|x64.ActiveCfg = Debug|Any CPU
		{5AAA595E-29C7-4FC3-95DC-A6E316BBBB37}.Debug|x64.Build.0 = Debug|Any CPU
		{5AAA595E-29C7-4FC3-95DC-A6E316BBBB37}.Debug|x86.ActiveCfg = Debug|Any CPU
		{5AAA595E-29C7-4FC3-95DC-A6E316BBBB37}.Debug|x86.Build.0 = Debug|Any CPU
		{5AAA595E-29C7-4FC3-95DC-A6E316BBBB37}.Release|Any CPU.ActiveCfg = Release|Any CPU
		{5AAA595E-29C7-4FC3-95DC-A6E316BBBB37}.Release|Any CPU.Build.0 = Release|Any CPU
		{5AAA595E-29C7-4FC3-95DC-A6E316BBBB37}.Release|x64.ActiveCfg = Release|Any CPU
		{5AAA595E-29C7-4FC3-95DC-A6E316BBBB37}.Release|x64.Build.0 = Release|Any CPU
		{5AAA595E-29C7-4FC3-95DC-A6E316BBBB37}.Release|x86.ActiveCfg = Release|Any CPU
		{5AAA595E-29C7-4FC3-95DC-A6E316BBBB37}.Release|x86.Build.0 = Release|Any CPU
		{00E907CB-0462-4B1E-9DEC-8B6A3401D7E2}.Debug|Any CPU.ActiveCfg = Debug|Any CPU
		{00E907CB-0462-4B1E-9DEC-8B6A3401D7E2}.Debug|Any CPU.Build.0 = Debug|Any CPU
		{00E907CB-0462-4B1E-9DEC-8B6A3401D7E2}.Debug|x64.ActiveCfg = Debug|Any CPU
		{00E907CB-0462-4B1E-9DEC-8B6A3401D7E2}.Debug|x64.Build.0 = Debug|Any CPU
		{00E907CB-0462-4B1E-9DEC-8B6A3401D7E2}.Debug|x86.ActiveCfg = Debug|Any CPU
		{00E907CB-0462-4B1E-9DEC-8B6A3401D7E2}.Debug|x86.Build.0 = Debug|Any CPU
		{00E907CB-0462-4B1E-9DEC-8B6A3401D7E2}.Release|Any CPU.ActiveCfg = Release|Any CPU
		{00E907CB-0462-4B1E-9DEC-8B6A3401D7E2}.Release|Any CPU.Build.0 = Release|Any CPU
		{00E907CB-0462-4B1E-9DEC-8B6A3401D7E2}.Release|x64.ActiveCfg = Release|Any CPU
		{00E907CB-0462-4B1E-9DEC-8B6A3401D7E2}.Release|x64.Build.0 = Release|Any CPU
		{00E907CB-0462-4B1E-9DEC-8B6A3401D7E2}.Release|x86.ActiveCfg = Release|Any CPU
		{00E907CB-0462-4B1E-9DEC-8B6A3401D7E2}.Release|x86.Build.0 = Release|Any CPU
	EndGlobalSection
EndGlobal
